{
  "name": "node",
  "version": "1.0.0",
  "lockfileVersion": 1,
  "requires": true,
  "dependencies": {
    "@types/node": {
      "version": "14.14.27",
      "resolved": "https://registry.npm.taobao.org/@types/node/download/@types/node-14.14.27.tgz",
      "integrity": "sha1-xxJ/jaBJiZPhOxpC+vEwPTEQ0vI="
    },
    "@types/wiring-pi": {
      "version": "2.2.3",
      "resolved": "https://registry.npm.taobao.org/@types/wiring-pi/download/@types/wiring-pi-2.2.3.tgz",
      "integrity": "sha1-D6jE1wNds05bUq4uwTfngxLv3io=",
      "requires": {
        "@types/node": "*"
      }
    }
  }
}
